
Microsoft Visual Studio Solution File, Format Version 12.00
# Visual Studio Version 17
VisualStudioVersion = 17.8.34525.116
MinimumVisualStudioVersion = 10.0.40219.1
Project("{FAE04EC0-301F-11D3-BF4B-00C04F79EFBC}") = "MNRegnskap2", "MNRegnskap2\MNRegnskap2.csproj", "{431568ED-4892-4076-A56E-97CE17FB01C7}"
EndProject
Global
	GlobalSection(SolutionConfigurationPlatforms) = preSolution
		Debug|Any CPU = Debug|Any CPU
		Release|Any CPU = Release|Any CPU
	EndGlobalSection
	GlobalSection(ProjectConfigurationPlatforms) = postSolution
		{431568ED-4892-4076-A56E-97CE17FB01C7}.Debug|Any CPU.ActiveCfg = Debug|Any CPU
		{431568ED-4892-4076-A56E-97CE17FB01C7}.Debug|Any CPU.Build.0 = Debug|Any CPU
		{431568ED-4892-4076-A56E-97CE17FB01C7}.Release|Any CPU.ActiveCfg = Release|Any CPU
		{431568ED-4892-4076-A56E-97CE17FB01C7}.Release|Any CPU.Build.0 = Release|Any CPU
	EndGlobalSection
	GlobalSection(SolutionProperties) = preSolution
		HideSolutionNode = FALSE
	EndGlobalSection
	GlobalSection(ExtensibilityGlobals) = postSolution
		SolutionGuid = {47E19B59-D1FD-47A9-AF89-5BB38DB46250}
	EndGlobalSection
EndGlobal
